
Microsoft Visual Studio Solution File, Format Version 12.00
# Visual Studio Version 18
VisualStudioVersion = 18.3.11304.161
MinimumVisualStudioVersion = 10.0.40219.1
Project("{9A19103F-16F7-4668-BE54-9A1E7A4F7556}") = "MIDIPianoJukebox", "MIDIPianoJukebox.csproj", "{34665A0D-1A34-438A-ABD7-367C1905323A}"
EndProject
Project("{2150E333-8FDC-42A3-9474-1A3956D46DE8}") = "Solution Items", "Solution Items", "{08883F92-BDA8-42FE-A085-77EEDD4BB159}"
	ProjectSection(SolutionItems) = preProject
		.editorconfig = .editorconfig
		.gitattributes = .gitattributes
		.gitignore = .gitignore
		appsettings.json = appsettings.json
		.github\workflows\dotnet.yml = .github\workflows\dotnet.yml
		Properties\launchSettings.json = Properties\launchSettings.json
		README.md = README.md
	EndProjectSection
EndProject
Global
	GlobalSection(SolutionConfigurationPlatforms) = preSolution
		Debug|Any CPU = Debug|Any CPU
		Release|Any CPU = Release|Any CPU
	EndGlobalSection
	GlobalSection(ProjectConfigurationPlatforms) = postSolution
		{34665A0D-1A34-438A-ABD7-367C1905323A}.Debug|Any CPU.ActiveCfg = Debug|Any CPU
		{34665A0D-1A34-438A-ABD7-367C1905323A}.Debug|Any CPU.Build.0 = Debug|Any CPU
		{34665A0D-1A34-438A-ABD7-367C1905323A}.Release|Any CPU.ActiveCfg = Release|Any CPU
		{34665A0D-1A34-438A-ABD7-367C1905323A}.Release|Any CPU.Build.0 = Release|Any CPU
	EndGlobalSection
	GlobalSection(SolutionProperties) = preSolution
		HideSolutionNode = FALSE
	EndGlobalSection
	GlobalSection(ExtensibilityGlobals) = postSolution
		SolutionGuid = {97B8E49A-2E03-4EDA-BF53-744BD089F632}
	EndGlobalSection
EndGlobal
